// !$*UTF8*$!
{
	archiveVersion = 1;
	classes = {
	};
	objectVersion = 55;
	objects = {

/* Begin PBXBuildFile section */
		0862DA202B12715A009113B8 /* HoroscopeView.swift in Sources */ = {isa = PBXBuildFile; fileRef = 0862DA1F2B12715A009113B8 /* HoroscopeView.swift */; };
		0862DA222B12803E009113B8 /* MoonInfoView.swift in Sources */ = {isa = PBXBuildFile; fileRef = 0862DA212B12803E009113B8 /* MoonInfoView.swift */; };
		0862DA282B16B107009113B8 /* StarSignIconView.swift in Sources */ = {isa = PBXBuildFile; fileRef = 0862DA272B16B107009113B8 /* StarSignIconView.swift */; };
		0862DA2B2B180DA3009113B8 /* Alamofire in Frameworks */ = {isa = PBXBuildFile; productRef = 0862DA2A2B180DA3009113B8 /* Alamofire */; };
		0862DA2D2B196239009113B8 /* HoroscopeViewModel.swift in Sources */ = {isa = PBXBuildFile; fileRef = 0862DA2C2B196239009113B8 /* HoroscopeViewModel.swift */; };
		0862DA302B196FC5009113B8 /* Starsign.swift in Sources */ = {isa = PBXBuildFile; fileRef = 0862DA2F2B196FC4009113B8 /* Starsign.swift */; };
		0862DA322B19BDD6009113B8 /* ZodiacInfoView.swift in Sources */ = {isa = PBXBuildFile; fileRef = 0862DA312B19BDD6009113B8 /* ZodiacInfoView.swift */; };
		0862DA342B19C03D009113B8 /* ZodiacInfoViewModel.swift in Sources */ = {isa = PBXBuildFile; fileRef = 0862DA332B19C03D009113B8 /* ZodiacInfoViewModel.swift */; };
		0862DA362B19CA79009113B8 /* GetMoonInfo.swift in Sources */ = {isa = PBXBuildFile; fileRef = 0862DA352B19CA79009113B8 /* GetMoonInfo.swift */; };
		0862DA3B2B19D018009113B8 /* SwiftSoup in Frameworks */ = {isa = PBXBuildFile; productRef = 0862DA3A2B19D018009113B8 /* SwiftSoup */; };
		08912C6D2B1D31A8003EFBAB /* TarotViewModel.swift in Sources */ = {isa = PBXBuildFile; fileRef = 08912C6C2B1D31A8003EFBAB /* TarotViewModel.swift */; };
		198D8C362B09AC82004A6BD6 /* LoginView.swift in Sources */ = {isa = PBXBuildFile; fileRef = 198D8C352B09AC81004A6BD6 /* LoginView.swift */; };
		198D8C382B09AF67004A6BD6 /* InputView.swift in Sources */ = {isa = PBXBuildFile; fileRef = 198D8C372B09AF66004A6BD6 /* InputView.swift */; };
		198D8C3A2B09BAA7004A6BD6 /* SignupView.swift in Sources */ = {isa = PBXBuildFile; fileRef = 198D8C392B09BAA7004A6BD6 /* SignupView.swift */; };
		198D8C3C2B09C8A1004A6BD6 /* HomeView.swift in Sources */ = {isa = PBXBuildFile; fileRef = 198D8C3B2B09C8A0004A6BD6 /* HomeView.swift */; };
		198D8C3E2B09CDB0004A6BD6 /* GoogleService-Info.plist in Resources */ = {isa = PBXBuildFile; fileRef = 198D8C3D2B09CDB0004A6BD6 /* GoogleService-Info.plist */; };
		198D8C412B09D06F004A6BD6 /* FirebaseAnalytics in Frameworks */ = {isa = PBXBuildFile; productRef = 198D8C402B09D06F004A6BD6 /* FirebaseAnalytics */; };
		198D8C432B09D06F004A6BD6 /* FirebaseAnalyticsOnDeviceConversion in Frameworks */ = {isa = PBXBuildFile; productRef = 198D8C422B09D06F004A6BD6 /* FirebaseAnalyticsOnDeviceConversion */; };
		198D8C452B09D06F004A6BD6 /* FirebaseAnalyticsSwift in Frameworks */ = {isa = PBXBuildFile; productRef = 198D8C442B09D06F004A6BD6 /* FirebaseAnalyticsSwift */; };
		198D8C472B09D06F004A6BD6 /* FirebaseAnalyticsWithoutAdIdSupport in Frameworks */ = {isa = PBXBuildFile; productRef = 198D8C462B09D06F004A6BD6 /* FirebaseAnalyticsWithoutAdIdSupport */; };
		198D8C492B09D06F004A6BD6 /* FirebaseAppCheck in Frameworks */ = {isa = PBXBuildFile; productRef = 198D8C482B09D06F004A6BD6 /* FirebaseAppCheck */; };
		198D8C4B2B09D06F004A6BD6 /* FirebaseAppDistribution-Beta in Frameworks */ = {isa = PBXBuildFile; productRef = 198D8C4A2B09D06F004A6BD6 /* FirebaseAppDistribution-Beta */; };
		198D8C4D2B09D06F004A6BD6 /* FirebaseAuth in Frameworks */ = {isa = PBXBuildFile; productRef = 198D8C4C2B09D06F004A6BD6 /* FirebaseAuth */; };
		198D8C4F2B09D06F004A6BD6 /* FirebaseAuthCombine-Community in Frameworks */ = {isa = PBXBuildFile; productRef = 198D8C4E2B09D06F004A6BD6 /* FirebaseAuthCombine-Community */; };
		198D8C512B09D06F004A6BD6 /* FirebaseCrashlytics in Frameworks */ = {isa = PBXBuildFile; productRef = 198D8C502B09D06F004A6BD6 /* FirebaseCrashlytics */; };
		198D8C532B09D06F004A6BD6 /* FirebaseDatabase in Frameworks */ = {isa = PBXBuildFile; productRef = 198D8C522B09D06F004A6BD6 /* FirebaseDatabase */; };
		198D8C552B09D06F004A6BD6 /* FirebaseDatabaseSwift in Frameworks */ = {isa = PBXBuildFile; productRef = 198D8C542B09D06F004A6BD6 /* FirebaseDatabaseSwift */; };
		198D8C572B09D06F004A6BD6 /* FirebaseDynamicLinks in Frameworks */ = {isa = PBXBuildFile; productRef = 198D8C562B09D06F004A6BD6 /* FirebaseDynamicLinks */; };
		198D8C592B09D06F004A6BD6 /* FirebaseFirestore in Frameworks */ = {isa = PBXBuildFile; productRef = 198D8C582B09D06F004A6BD6 /* FirebaseFirestore */; };
		198D8C5B2B09D06F004A6BD6 /* FirebaseFirestoreCombine-Community in Frameworks */ = {isa = PBXBuildFile; productRef = 198D8C5A2B09D06F004A6BD6 /* FirebaseFirestoreCombine-Community */; };
		198D8C5D2B09D06F004A6BD6 /* FirebaseFirestoreSwift in Frameworks */ = {isa = PBXBuildFile; productRef = 198D8C5C2B09D06F004A6BD6 /* FirebaseFirestoreSwift */; };
		198D8C5F2B09D06F004A6BD6 /* FirebaseFunctions in Frameworks */ = {isa = PBXBuildFile; productRef = 198D8C5E2B09D06F004A6BD6 /* FirebaseFunctions */; };
		198D8C612B09D06F004A6BD6 /* FirebaseFunctionsCombine-Community in Frameworks */ = {isa = PBXBuildFile; productRef = 198D8C602B09D06F004A6BD6 /* FirebaseFunctionsCombine-Community */; };
		198D8C632B09D06F004A6BD6 /* FirebaseInAppMessaging-Beta in Frameworks */ = {isa = PBXBuildFile; productRef = 198D8C622B09D06F004A6BD6 /* FirebaseInAppMessaging-Beta */; };
		198D8C652B09D06F004A6BD6 /* FirebaseInAppMessagingSwift-Beta in Frameworks */ = {isa = PBXBuildFile; productRef = 198D8C642B09D06F004A6BD6 /* FirebaseInAppMessagingSwift-Beta */; };
		198D8C672B09D06F004A6BD6 /* FirebaseInstallations in Frameworks */ = {isa = PBXBuildFile; productRef = 198D8C662B09D06F004A6BD6 /* FirebaseInstallations */; };
		198D8C692B09D06F004A6BD6 /* FirebaseMLModelDownloader in Frameworks */ = {isa = PBXBuildFile; productRef = 198D8C682B09D06F004A6BD6 /* FirebaseMLModelDownloader */; };
		198D8C6B2B09D06F004A6BD6 /* FirebaseMessaging in Frameworks */ = {isa = PBXBuildFile; productRef = 198D8C6A2B09D06F004A6BD6 /* FirebaseMessaging */; };
		198D8C6D2B09D06F004A6BD6 /* FirebasePerformance in Frameworks */ = {isa = PBXBuildFile; productRef = 198D8C6C2B09D06F004A6BD6 /* FirebasePerformance */; };
		198D8C6F2B09D06F004A6BD6 /* FirebaseRemoteConfig in Frameworks */ = {isa = PBXBuildFile; productRef = 198D8C6E2B09D06F004A6BD6 /* FirebaseRemoteConfig */; };
		198D8C712B09D06F004A6BD6 /* FirebaseRemoteConfigSwift in Frameworks */ = {isa = PBXBuildFile; productRef = 198D8C702B09D06F004A6BD6 /* FirebaseRemoteConfigSwift */; };
		198D8C732B09D06F004A6BD6 /* FirebaseStorage in Frameworks */ = {isa = PBXBuildFile; productRef = 198D8C722B09D06F004A6BD6 /* FirebaseStorage */; };
		198D8C752B09D06F004A6BD6 /* FirebaseStorageCombine-Community in Frameworks */ = {isa = PBXBuildFile; productRef = 198D8C742B09D06F004A6BD6 /* FirebaseStorageCombine-Community */; };
		198D8C812B09D3A3004A6BD6 /* AuthViewModel.swift in Sources */ = {isa = PBXBuildFile; fileRef = 198D8C802B09D3A3004A6BD6 /* AuthViewModel.swift */; };
		198D8C842B09D585004A6BD6 /* User.swift in Sources */ = {isa = PBXBuildFile; fileRef = 198D8C832B09D585004A6BD6 /* User.swift */; };
		19A5C7302AEA20330030D62E /* AstroBuddiesApp.swift in Sources */ = {isa = PBXBuildFile; fileRef = 19A5C72F2AEA20330030D62E /* AstroBuddiesApp.swift */; };
		19A5C7322AEA20330030D62E /* ContentView.swift in Sources */ = {isa = PBXBuildFile; fileRef = 19A5C7312AEA20330030D62E /* ContentView.swift */; };
		19A5C7342AEA203E0030D62E /* Assets.xcassets in Resources */ = {isa = PBXBuildFile; fileRef = 19A5C7332AEA203E0030D62E /* Assets.xcassets */; };
		19A5C7372AEA203E0030D62E /* Preview Assets.xcassets in Resources */ = {isa = PBXBuildFile; fileRef = 19A5C7362AEA203E0030D62E /* Preview Assets.xcassets */; };
		19A5C7412AEA20450030D62E /* AstroBuddiesTests.swift in Sources */ = {isa = PBXBuildFile; fileRef = 19A5C7402AEA20450030D62E /* AstroBuddiesTests.swift */; };
		19A5C74B2AEA20450030D62E /* AstroBuddiesUITests.swift in Sources */ = {isa = PBXBuildFile; fileRef = 19A5C74A2AEA20450030D62E /* AstroBuddiesUITests.swift */; };
		19A5C74D2AEA20450030D62E /* AstroBuddiesUITestsLaunchTests.swift in Sources */ = {isa = PBXBuildFile; fileRef = 19A5C74C2AEA20450030D62E /* AstroBuddiesUITestsLaunchTests.swift */; };
		19A5C75C2AEA2E030030D62E /* Modifiers.swift in Sources */ = {isa = PBXBuildFile; fileRef = 19A5C75B2AEA2E030030D62E /* Modifiers.swift */; };
		19A5C75F2AEAF8780030D62E /* TabBar.swift in Sources */ = {isa = PBXBuildFile; fileRef = 19A5C75E2AEAF8780030D62E /* TabBar.swift */; };
		19CC61E52B0AC6CB0006CC74 /* TarotView.swift in Sources */ = {isa = PBXBuildFile; fileRef = 19CC61E42B0AC6CA0006CC74 /* TarotView.swift */; };
		19CC61E72B0AC6F30006CC74 /* CompatibilityView.swift in Sources */ = {isa = PBXBuildFile; fileRef = 19CC61E62B0AC6F30006CC74 /* CompatibilityView.swift */; };
		19CC61E92B0AC72C0006CC74 /* MessageView.swift in Sources */ = {isa = PBXBuildFile; fileRef = 19CC61E82B0AC72B0006CC74 /* MessageView.swift */; };
		19CC61EB2B0AC9E70006CC74 /* SettingsView.swift in Sources */ = {isa = PBXBuildFile; fileRef = 19CC61EA2B0AC9E70006CC74 /* SettingsView.swift */; };
		19CC61ED2B0ADBAC0006CC74 /* BirthInfoView.swift in Sources */ = {isa = PBXBuildFile; fileRef = 19CC61EC2B0ADBAB0006CC74 /* BirthInfoView.swift */; };
		19CC61EF2B0AE2E20006CC74 /* SettingsRowView.swift in Sources */ = {isa = PBXBuildFile; fileRef = 19CC61EE2B0AE2E10006CC74 /* SettingsRowView.swift */; };
/* End PBXBuildFile section */

/* Begin PBXContainerItemProxy section */
		19A5C73D2AEA20440030D62E /* PBXContainerItemProxy */ = {
			isa = PBXContainerItemProxy;
			containerPortal = 19A5C7242AEA20330030D62E /* Project object */;
			proxyType = 1;
			remoteGlobalIDString = 19A5C72B2AEA20330030D62E;
			remoteInfo = AstroBuddies;
		};
		19A5C7472AEA20450030D62E /* PBXContainerItemProxy */ = {
			isa = PBXContainerItemProxy;
			containerPortal = 19A5C7242AEA20330030D62E /* Project object */;
			proxyType = 1;
			remoteGlobalIDString = 19A5C72B2AEA20330030D62E;
			remoteInfo = AstroBuddies;
		};
/* End PBXContainerItemProxy section */

/* Begin PBXFileReference section */
		0862DA1F2B12715A009113B8 /* HoroscopeView.swift */ = {isa = PBXFileReference; lastKnownFileType = sourcecode.swift; path = HoroscopeView.swift; sourceTree = "<group>"; };
		0862DA212B12803E009113B8 /* MoonInfoView.swift */ = {isa = PBXFileReference; lastKnownFileType = sourcecode.swift; path = MoonInfoView.swift; sourceTree = "<group>"; };
		0862DA272B16B107009113B8 /* StarSignIconView.swift */ = {isa = PBXFileReference; lastKnownFileType = sourcecode.swift; path = StarSignIconView.swift; sourceTree = "<group>"; };
		0862DA2C2B196239009113B8 /* HoroscopeViewModel.swift */ = {isa = PBXFileReference; lastKnownFileType = sourcecode.swift; path = HoroscopeViewModel.swift; sourceTree = "<group>"; };
		0862DA2F2B196FC4009113B8 /* Starsign.swift */ = {isa = PBXFileReference; lastKnownFileType = sourcecode.swift; path = Starsign.swift; sourceTree = "<group>"; };
		0862DA312B19BDD6009113B8 /* ZodiacInfoView.swift */ = {isa = PBXFileReference; lastKnownFileType = sourcecode.swift; path = ZodiacInfoView.swift; sourceTree = "<group>"; };
		0862DA332B19C03D009113B8 /* ZodiacInfoViewModel.swift */ = {isa = PBXFileReference; lastKnownFileType = sourcecode.swift; path = ZodiacInfoViewModel.swift; sourceTree = "<group>"; };
		0862DA352B19CA79009113B8 /* GetMoonInfo.swift */ = {isa = PBXFileReference; lastKnownFileType = sourcecode.swift; path = GetMoonInfo.swift; sourceTree = "<group>"; };
		08912C6C2B1D31A8003EFBAB /* TarotViewModel.swift */ = {isa = PBXFileReference; lastKnownFileType = sourcecode.swift; path = TarotViewModel.swift; sourceTree = "<group>"; };
		198D8C352B09AC81004A6BD6 /* LoginView.swift */ = {isa = PBXFileReference; lastKnownFileType = sourcecode.swift; name = LoginView.swift; path = ../LoginView.swift; sourceTree = "<group>"; };
		198D8C372B09AF66004A6BD6 /* InputView.swift */ = {isa = PBXFileReference; lastKnownFileType = sourcecode.swift; path = InputView.swift; sourceTree = "<group>"; };
		198D8C392B09BAA7004A6BD6 /* SignupView.swift */ = {isa = PBXFileReference; lastKnownFileType = sourcecode.swift; path = SignupView.swift; sourceTree = "<group>"; };
		198D8C3B2B09C8A0004A6BD6 /* HomeView.swift */ = {isa = PBXFileReference; lastKnownFileType = sourcecode.swift; path = HomeView.swift; sourceTree = "<group>"; };
		198D8C3D2B09CDB0004A6BD6 /* GoogleService-Info.plist */ = {isa = PBXFileReference; lastKnownFileType = text.plist.xml; name = "GoogleService-Info.plist"; path = "AstroBuddies/GoogleService-Info.plist"; sourceTree = SOURCE_ROOT; };
		198D8C802B09D3A3004A6BD6 /* AuthViewModel.swift */ = {isa = PBXFileReference; lastKnownFileType = sourcecode.swift; path = AuthViewModel.swift; sourceTree = "<group>"; };
		198D8C832B09D585004A6BD6 /* User.swift */ = {isa = PBXFileReference; lastKnownFileType = sourcecode.swift; path = User.swift; sourceTree = "<group>"; };
		19A5C72C2AEA20330030D62E /* AstroBuddies.app */ = {isa = PBXFileReference; explicitFileType = wrapper.application; includeInIndex = 0; path = AstroBuddies.app; sourceTree = BUILT_PRODUCTS_DIR; };
		19A5C72F2AEA20330030D62E /* AstroBuddiesApp.swift */ = {isa = PBXFileReference; lastKnownFileType = sourcecode.swift; path = AstroBuddiesApp.swift; sourceTree = "<group>"; };
		19A5C7312AEA20330030D62E /* ContentView.swift */ = {isa = PBXFileReference; lastKnownFileType = sourcecode.swift; path = ContentView.swift; sourceTree = "<group>"; };
		19A5C7332AEA203E0030D62E /* Assets.xcassets */ = {isa = PBXFileReference; lastKnownFileType = folder.assetcatalog; path = Assets.xcassets; sourceTree = "<group>"; };
		19A5C7362AEA203E0030D62E /* Preview Assets.xcassets */ = {isa = PBXFileReference; lastKnownFileType = folder.assetcatalog; path = "Preview Assets.xcassets"; sourceTree = "<group>"; };
		19A5C73C2AEA20440030D62E /* AstroBuddiesTests.xctest */ = {isa = PBXFileReference; explicitFileType = wrapper.cfbundle; includeInIndex = 0; path = AstroBuddiesTests.xctest; sourceTree = BUILT_PRODUCTS_DIR; };
		19A5C7402AEA20450030D62E /* AstroBuddiesTests.swift */ = {isa = PBXFileReference; lastKnownFileType = sourcecode.swift; path = AstroBuddiesTests.swift; sourceTree = "<group>"; };
		19A5C7462AEA20450030D62E /* AstroBuddiesUITests.xctest */ = {isa = PBXFileReference; explicitFileType = wrapper.cfbundle; includeInIndex = 0; path = AstroBuddiesUITests.xctest; sourceTree = BUILT_PRODUCTS_DIR; };
		19A5C74A2AEA20450030D62E /* AstroBuddiesUITests.swift */ = {isa = PBXFileReference; lastKnownFileType = sourcecode.swift; path = AstroBuddiesUITests.swift; sourceTree = "<group>"; };
		19A5C74C2AEA20450030D62E /* AstroBuddiesUITestsLaunchTests.swift */ = {isa = PBXFileReference; lastKnownFileType = sourcecode.swift; path = AstroBuddiesUITestsLaunchTests.swift; sourceTree = "<group>"; };
		19A5C75B2AEA2E030030D62E /* Modifiers.swift */ = {isa = PBXFileReference; lastKnownFileType = sourcecode.swift; path = Modifiers.swift; sourceTree = "<group>"; };
		19A5C75E2AEAF8780030D62E /* TabBar.swift */ = {isa = PBXFileReference; lastKnownFileType = sourcecode.swift; path = TabBar.swift; sourceTree = "<group>"; };
		19CC61E42B0AC6CA0006CC74 /* TarotView.swift */ = {isa = PBXFileReference; lastKnownFileType = sourcecode.swift; path = TarotView.swift; sourceTree = "<group>"; };
		19CC61E62B0AC6F30006CC74 /* CompatibilityView.swift */ = {isa = PBXFileReference; lastKnownFileType = sourcecode.swift; path = CompatibilityView.swift; sourceTree = "<group>"; };
		19CC61E82B0AC72B0006CC74 /* MessageView.swift */ = {isa = PBXFileReference; lastKnownFileType = sourcecode.swift; path = MessageView.swift; sourceTree = "<group>"; };
		19CC61EA2B0AC9E70006CC74 /* SettingsView.swift */ = {isa = PBXFileReference; lastKnownFileType = sourcecode.swift; path = SettingsView.swift; sourceTree = "<group>"; };
		19CC61EC2B0ADBAB0006CC74 /* BirthInfoView.swift */ = {isa = PBXFileReference; lastKnownFileType = sourcecode.swift; path = BirthInfoView.swift; sourceTree = "<group>"; };
		19CC61EE2B0AE2E10006CC74 /* SettingsRowView.swift */ = {isa = PBXFileReference; lastKnownFileType = sourcecode.swift; path = SettingsRowView.swift; sourceTree = "<group>"; };
/* End PBXFileReference section */

/* Begin PBXFrameworksBuildPhase section */
		19A5C7292AEA20330030D62E /* Frameworks */ = {
			isa = PBXFrameworksBuildPhase;
			buildActionMask = 2147483647;
			files = (
				198D8C532B09D06F004A6BD6 /* FirebaseDatabase in Frameworks */,
				0862DA2B2B180DA3009113B8 /* Alamofire in Frameworks */,
				198D8C612B09D06F004A6BD6 /* FirebaseFunctionsCombine-Community in Frameworks */,
				198D8C592B09D06F004A6BD6 /* FirebaseFirestore in Frameworks */,
				0862DA3B2B19D018009113B8 /* SwiftSoup in Frameworks */,
				198D8C452B09D06F004A6BD6 /* FirebaseAnalyticsSwift in Frameworks */,
				198D8C412B09D06F004A6BD6 /* FirebaseAnalytics in Frameworks */,
				198D8C432B09D06F004A6BD6 /* FirebaseAnalyticsOnDeviceConversion in Frameworks */,
				198D8C692B09D06F004A6BD6 /* FirebaseMLModelDownloader in Frameworks */,
				198D8C5D2B09D06F004A6BD6 /* FirebaseFirestoreSwift in Frameworks */,
				198D8C492B09D06F004A6BD6 /* FirebaseAppCheck in Frameworks */,
				198D8C472B09D06F004A6BD6 /* FirebaseAnalyticsWithoutAdIdSupport in Frameworks */,
				198D8C4D2B09D06F004A6BD6 /* FirebaseAuth in Frameworks */,
				198D8C512B09D06F004A6BD6 /* FirebaseCrashlytics in Frameworks */,
				198D8C712B09D06F004A6BD6 /* FirebaseRemoteConfigSwift in Frameworks */,
				198D8C632B09D06F004A6BD6 /* FirebaseInAppMessaging-Beta in Frameworks */,
				198D8C552B09D06F004A6BD6 /* FirebaseDatabaseSwift in Frameworks */,
				198D8C5F2B09D06F004A6BD6 /* FirebaseFunctions in Frameworks */,
				198D8C752B09D06F004A6BD6 /* FirebaseStorageCombine-Community in Frameworks */,
				198D8C6F2B09D06F004A6BD6 /* FirebaseRemoteConfig in Frameworks */,
				198D8C4B2B09D06F004A6BD6 /* FirebaseAppDistribution-Beta in Frameworks */,
				198D8C4F2B09D06F004A6BD6 /* FirebaseAuthCombine-Community in Frameworks */,
				198D8C6D2B09D06F004A6BD6 /* FirebasePerformance in Frameworks */,
				198D8C652B09D06F004A6BD6 /* FirebaseInAppMessagingSwift-Beta in Frameworks */,
				198D8C732B09D06F004A6BD6 /* FirebaseStorage in Frameworks */,
				198D8C572B09D06F004A6BD6 /* FirebaseDynamicLinks in Frameworks */,
				198D8C5B2B09D06F004A6BD6 /* FirebaseFirestoreCombine-Community in Frameworks */,
				198D8C6B2B09D06F004A6BD6 /* FirebaseMessaging in Frameworks */,
				198D8C672B09D06F004A6BD6 /* FirebaseInstallations in Frameworks */,
			);
			runOnlyForDeploymentPostprocessing = 0;
		};
		19A5C7392AEA20440030D62E /* Frameworks */ = {
			isa = PBXFrameworksBuildPhase;
			buildActionMask = 2147483647;
			files = (
			);
			runOnlyForDeploymentPostprocessing = 0;
		};
		19A5C7432AEA20450030D62E /* Frameworks */ = {
			isa = PBXFrameworksBuildPhase;
			buildActionMask = 2147483647;
			files = (
			);
			runOnlyForDeploymentPostprocessing = 0;
		};
/* End PBXFrameworksBuildPhase section */

/* Begin PBXGroup section */
		0862DA2E2B196F51009113B8 /* View Model */ = {
			isa = PBXGroup;
			children = (
				0862DA2C2B196239009113B8 /* HoroscopeViewModel.swift */,
				0862DA332B19C03D009113B8 /* ZodiacInfoViewModel.swift */,
				0862DA352B19CA79009113B8 /* GetMoonInfo.swift */,
				08912C6C2B1D31A8003EFBAB /* TarotViewModel.swift */,
			);
			path = "View Model";
			sourceTree = "<group>";
		};
		198D8C332B09AC35004A6BD6 /* AstroBuddiesViews */ = {
			isa = PBXGroup;
			children = (
				0862DA312B19BDD6009113B8 /* ZodiacInfoView.swift */,
				198D8C3B2B09C8A0004A6BD6 /* HomeView.swift */,
				19CC61E42B0AC6CA0006CC74 /* TarotView.swift */,
				19CC61E62B0AC6F30006CC74 /* CompatibilityView.swift */,
				19CC61E82B0AC72B0006CC74 /* MessageView.swift */,
				19CC61EA2B0AC9E70006CC74 /* SettingsView.swift */,
				0862DA1F2B12715A009113B8 /* HoroscopeView.swift */,
				0862DA212B12803E009113B8 /* MoonInfoView.swift */,
			);
			path = AstroBuddiesViews;
			sourceTree = "<group>";
		};
		198D8C762B09D183004A6BD6 /* Authentication */ = {
			isa = PBXGroup;
			children = (
				198D8C7D2B09D310004A6BD6 /* View Models */,
				198D8C7C2B09D2FA004A6BD6 /* Views */,
			);
			path = Authentication;
			sourceTree = "<group>";
		};
		198D8C772B09D1BC004A6BD6 /* App */ = {
			isa = PBXGroup;
			children = (
				19A5C72F2AEA20330030D62E /* AstroBuddiesApp.swift */,
			);
			path = App;
			sourceTree = "<group>";
		};
		198D8C782B09D1C6004A6BD6 /* Components */ = {
			isa = PBXGroup;
			children = (
				19A5C75D2AEAF85D0030D62E /* Tab Bar */,
				198D8C7B2B09D29E004A6BD6 /* Modifiers */,
				198D8C372B09AF66004A6BD6 /* InputView.swift */,
				19CC61EE2B0AE2E10006CC74 /* SettingsRowView.swift */,
				0862DA272B16B107009113B8 /* StarSignIconView.swift */,
				0862DA2F2B196FC4009113B8 /* Starsign.swift */,
			);
			path = Components;
			sourceTree = "<group>";
		};
		198D8C792B09D1D2004A6BD6 /* Core */ = {
			isa = PBXGroup;
			children = (
				0862DA2E2B196F51009113B8 /* View Model */,
				198D8C332B09AC35004A6BD6 /* AstroBuddiesViews */,
				198D8C762B09D183004A6BD6 /* Authentication */,
				198D8C7A2B09D25E004A6BD6 /* Root */,
			);
			path = Core;
			sourceTree = "<group>";
		};
		198D8C7A2B09D25E004A6BD6 /* Root */ = {
			isa = PBXGroup;
			children = (
				19A5C7312AEA20330030D62E /* ContentView.swift */,
			);
			path = Root;
			sourceTree = "<group>";
		};
		198D8C7B2B09D29E004A6BD6 /* Modifiers */ = {
			isa = PBXGroup;
			children = (
				19A5C75B2AEA2E030030D62E /* Modifiers.swift */,
			);
			path = Modifiers;
			sourceTree = "<group>";
		};
		198D8C7C2B09D2FA004A6BD6 /* Views */ = {
			isa = PBXGroup;
			children = (
				198D8C352B09AC81004A6BD6 /* LoginView.swift */,
				198D8C392B09BAA7004A6BD6 /* SignupView.swift */,
				19CC61EC2B0ADBAB0006CC74 /* BirthInfoView.swift */,
			);
			path = Views;
			sourceTree = "<group>";
		};
		198D8C7D2B09D310004A6BD6 /* View Models */ = {
			isa = PBXGroup;
			children = (
				198D8C802B09D3A3004A6BD6 /* AuthViewModel.swift */,
			);
			path = "View Models";
			sourceTree = "<group>";
		};
		198D8C822B09D520004A6BD6 /* Model */ = {
			isa = PBXGroup;
			children = (
				198D8C832B09D585004A6BD6 /* User.swift */,
			);
			path = Model;
			sourceTree = "<group>";
		};
		19A5C7232AEA20330030D62E = {
			isa = PBXGroup;
			children = (
				19A5C72E2AEA20330030D62E /* AstroBuddies */,
				19A5C73F2AEA20450030D62E /* AstroBuddiesTests */,
				19A5C7492AEA20450030D62E /* AstroBuddiesUITests */,
				19A5C72D2AEA20330030D62E /* Products */,
			);
			sourceTree = "<group>";
		};
		19A5C72D2AEA20330030D62E /* Products */ = {
			isa = PBXGroup;
			children = (
				19A5C72C2AEA20330030D62E /* AstroBuddies.app */,
				19A5C73C2AEA20440030D62E /* AstroBuddiesTests.xctest */,
				19A5C7462AEA20450030D62E /* AstroBuddiesUITests.xctest */,
			);
			name = Products;
			sourceTree = "<group>";
		};
		19A5C72E2AEA20330030D62E /* AstroBuddies */ = {
			isa = PBXGroup;
			children = (
				198D8C772B09D1BC004A6BD6 /* App */,
				198D8C782B09D1C6004A6BD6 /* Components */,
				198D8C792B09D1D2004A6BD6 /* Core */,
				198D8C822B09D520004A6BD6 /* Model */,
				198D8C3D2B09CDB0004A6BD6 /* GoogleService-Info.plist */,
				19A5C7332AEA203E0030D62E /* Assets.xcassets */,
				19A5C7352AEA203E0030D62E /* Preview Content */,
			);
			path = AstroBuddies;
			sourceTree = "<group>";
		};
		19A5C7352AEA203E0030D62E /* Preview Content */ = {
			isa = PBXGroup;
			children = (
				19A5C7362AEA203E0030D62E /* Preview Assets.xcassets */,
			);
			path = "Preview Content";
			sourceTree = "<group>";
		};
		19A5C73F2AEA20450030D62E /* AstroBuddiesTests */ = {
			isa = PBXGroup;
			children = (
				19A5C7402AEA20450030D62E /* AstroBuddiesTests.swift */,
			);
			path = AstroBuddiesTests;
			sourceTree = "<group>";
		};
		19A5C7492AEA20450030D62E /* AstroBuddiesUITests */ = {
			isa = PBXGroup;
			children = (
				19A5C74A2AEA20450030D62E /* AstroBuddiesUITests.swift */,
				19A5C74C2AEA20450030D62E /* AstroBuddiesUITestsLaunchTests.swift */,
			);
			path = AstroBuddiesUITests;
			sourceTree = "<group>";
		};
		19A5C75D2AEAF85D0030D62E /* Tab Bar */ = {
			isa = PBXGroup;
			children = (
				19A5C75E2AEAF8780030D62E /* TabBar.swift */,
			);
			path = "Tab Bar";
			sourceTree = "<group>";
		};
/* End PBXGroup section */

/* Begin PBXNativeTarget section */
		19A5C72B2AEA20330030D62E /* AstroBuddies */ = {
			isa = PBXNativeTarget;
			buildConfigurationList = 19A5C7502AEA20450030D62E /* Build configuration list for PBXNativeTarget "AstroBuddies" */;
			buildPhases = (
				19A5C7282AEA20330030D62E /* Sources */,
				19A5C7292AEA20330030D62E /* Frameworks */,
				19A5C72A2AEA20330030D62E /* Resources */,
			);
			buildRules = (
			);
			dependencies = (
			);
			name = AstroBuddies;
			packageProductDependencies = (
				198D8C402B09D06F004A6BD6 /* FirebaseAnalytics */,
				198D8C422B09D06F004A6BD6 /* FirebaseAnalyticsOnDeviceConversion */,
				198D8C442B09D06F004A6BD6 /* FirebaseAnalyticsSwift */,
				198D8C462B09D06F004A6BD6 /* FirebaseAnalyticsWithoutAdIdSupport */,
				198D8C482B09D06F004A6BD6 /* FirebaseAppCheck */,
				198D8C4A2B09D06F004A6BD6 /* FirebaseAppDistribution-Beta */,
				198D8C4C2B09D06F004A6BD6 /* FirebaseAuth */,
				198D8C4E2B09D06F004A6BD6 /* FirebaseAuthCombine-Community */,
				198D8C502B09D06F004A6BD6 /* FirebaseCrashlytics */,
				198D8C522B09D06F004A6BD6 /* FirebaseDatabase */,
				198D8C542B09D06F004A6BD6 /* FirebaseDatabaseSwift */,
				198D8C562B09D06F004A6BD6 /* FirebaseDynamicLinks */,
				198D8C582B09D06F004A6BD6 /* FirebaseFirestore */,
				198D8C5A2B09D06F004A6BD6 /* FirebaseFirestoreCombine-Community */,
				198D8C5C2B09D06F004A6BD6 /* FirebaseFirestoreSwift */,
				198D8C5E2B09D06F004A6BD6 /* FirebaseFunctions */,
				198D8C602B09D06F004A6BD6 /* FirebaseFunctionsCombine-Community */,
				198D8C622B09D06F004A6BD6 /* FirebaseInAppMessaging-Beta */,
				198D8C642B09D06F004A6BD6 /* FirebaseInAppMessagingSwift-Beta */,
				198D8C662B09D06F004A6BD6 /* FirebaseInstallations */,
				198D8C682B09D06F004A6BD6 /* FirebaseMLModelDownloader */,
				198D8C6A2B09D06F004A6BD6 /* FirebaseMessaging */,
				198D8C6C2B09D06F004A6BD6 /* FirebasePerformance */,
				198D8C6E2B09D06F004A6BD6 /* FirebaseRemoteConfig */,
				198D8C702B09D06F004A6BD6 /* FirebaseRemoteConfigSwift */,
				198D8C722B09D06F004A6BD6 /* FirebaseStorage */,
				198D8C742B09D06F004A6BD6 /* FirebaseStorageCombine-Community */,
				0862DA2A2B180DA3009113B8 /* Alamofire */,
				0862DA3A2B19D018009113B8 /* SwiftSoup */,
			);
			productName = AstroBuddies;
			productReference = 19A5C72C2AEA20330030D62E /* AstroBuddies.app */;
			productType = "com.apple.product-type.application";
		};
		19A5C73B2AEA20440030D62E /* AstroBuddiesTests */ = {
			isa = PBXNativeTarget;
			buildConfigurationList = 19A5C7532AEA20450030D62E /* Build configuration list for PBXNativeTarget "AstroBuddiesTests" */;
			buildPhases = (
				19A5C7382AEA20440030D62E /* Sources */,
				19A5C7392AEA20440030D62E /* Frameworks */,
				19A5C73A2AEA20440030D62E /* Resources */,
			);
			buildRules = (
			);
			dependencies = (
				19A5C73E2AEA20440030D62E /* PBXTargetDependency */,
			);
			name = AstroBuddiesTests;
			productName = AstroBuddiesTests;
			productReference = 19A5C73C2AEA20440030D62E /* AstroBuddiesTests.xctest */;
			productType = "com.apple.product-type.bundle.unit-test";
		};
		19A5C7452AEA20450030D62E /* AstroBuddiesUITests */ = {
			isa = PBXNativeTarget;
			buildConfigurationList = 19A5C7562AEA20450030D62E /* Build configuration list for PBXNativeTarget "AstroBuddiesUITests" */;
			buildPhases = (
				19A5C7422AEA20450030D62E /* Sources */,
				19A5C7432AEA20450030D62E /* Frameworks */,
				19A5C7442AEA20450030D62E /* Resources */,
			);
			buildRules = (
			);
			dependencies = (
				19A5C7482AEA20450030D62E /* PBXTargetDependency */,
			);
			name = AstroBuddiesUITests;
			productName = AstroBuddiesUITests;
			productReference = 19A5C7462AEA20450030D62E /* AstroBuddiesUITests.xctest */;
			productType = "com.apple.product-type.bundle.ui-testing";
		};
/* End PBXNativeTarget section */

/* Begin PBXProject section */
		19A5C7242AEA20330030D62E /* Project object */ = {
			isa = PBXProject;
			attributes = {
				BuildIndependentTargetsInParallel = 1;
				LastSwiftUpdateCheck = 1320;
				LastUpgradeCheck = 1320;
				TargetAttributes = {
					19A5C72B2AEA20330030D62E = {
						CreatedOnToolsVersion = 13.2.1;
					};
					19A5C73B2AEA20440030D62E = {
						CreatedOnToolsVersion = 13.2.1;
						TestTargetID = 19A5C72B2AEA20330030D62E;
					};
					19A5C7452AEA20450030D62E = {
						CreatedOnToolsVersion = 13.2.1;
						TestTargetID = 19A5C72B2AEA20330030D62E;
					};
				};
			};
			buildConfigurationList = 19A5C7272AEA20330030D62E /* Build configuration list for PBXProject "AstroBuddies" */;
			compatibilityVersion = "Xcode 13.0";
			developmentRegion = en;
			hasScannedForEncodings = 0;
			knownRegions = (
				en,
				Base,
			);
			mainGroup = 19A5C7232AEA20330030D62E;
			packageReferences = (
				198D8C3F2B09D06E004A6BD6 /* XCRemoteSwiftPackageReference "firebase-ios-sdk" */,
				0862DA292B180DA3009113B8 /* XCRemoteSwiftPackageReference "Alamofire" */,
				0862DA392B19D018009113B8 /* XCRemoteSwiftPackageReference "SwiftSoup" */,
			);
			productRefGroup = 19A5C72D2AEA20330030D62E /* Products */;
			projectDirPath = "";
			projectRoot = "";
			targets = (
				19A5C72B2AEA20330030D62E /* AstroBuddies */,
				19A5C73B2AEA20440030D62E /* AstroBuddiesTests */,
				19A5C7452AEA20450030D62E /* AstroBuddiesUITests */,
			);
		};
/* End PBXProject section */

/* Begin PBXResourcesBuildPhase section */
		19A5C72A2AEA20330030D62E /* Resources */ = {
			isa = PBXResourcesBuildPhase;
			buildActionMask = 2147483647;
			files = (
				19A5C7372AEA203E0030D62E /* Preview Assets.xcassets in Resources */,
				19A5C7342AEA203E0030D62E /* Assets.xcassets in Resources */,
				198D8C3E2B09CDB0004A6BD6 /* GoogleService-Info.plist in Resources */,
			);
			runOnlyForDeploymentPostprocessing = 0;
		};
		19A5C73A2AEA20440030D62E /* Resources */ = {
			isa = PBXResourcesBuildPhase;
			buildActionMask = 2147483647;
			files = (
			);
			runOnlyForDeploymentPostprocessing = 0;
		};
		19A5C7442AEA20450030D62E /* Resources */ = {
			isa = PBXResourcesBuildPhase;
			buildActionMask = 2147483647;
			files = (
			);
			runOnlyForDeploymentPostprocessing = 0;
		};
/* End PBXResourcesBuildPhase section */

/* Begin PBXSourcesBuildPhase section */
		19A5C7282AEA20330030D62E /* Sources */ = {
			isa = PBXSourcesBuildPhase;
			buildActionMask = 2147483647;
			files = (
				0862DA322B19BDD6009113B8 /* ZodiacInfoView.swift in Sources */,
				0862DA362B19CA79009113B8 /* GetMoonInfo.swift in Sources */,
				0862DA202B12715A009113B8 /* HoroscopeView.swift in Sources */,
				198D8C3C2B09C8A1004A6BD6 /* HomeView.swift in Sources */,
				198D8C362B09AC82004A6BD6 /* LoginView.swift in Sources */,
				08912C6D2B1D31A8003EFBAB /* TarotViewModel.swift in Sources */,
				198D8C382B09AF67004A6BD6 /* InputView.swift in Sources */,
				19A5C75C2AEA2E030030D62E /* Modifiers.swift in Sources */,
				0862DA342B19C03D009113B8 /* ZodiacInfoViewModel.swift in Sources */,
				0862DA2D2B196239009113B8 /* HoroscopeViewModel.swift in Sources */,
				19CC61EF2B0AE2E20006CC74 /* SettingsRowView.swift in Sources */,
				19A5C7322AEA20330030D62E /* ContentView.swift in Sources */,
				19CC61E92B0AC72C0006CC74 /* MessageView.swift in Sources */,
				0862DA282B16B107009113B8 /* StarSignIconView.swift in Sources */,
				198D8C3A2B09BAA7004A6BD6 /* SignupView.swift in Sources */,
				19CC61ED2B0ADBAC0006CC74 /* BirthInfoView.swift in Sources */,
				19CC61EB2B0AC9E70006CC74 /* SettingsView.swift in Sources */,
				19A5C7302AEA20330030D62E /* AstroBuddiesApp.swift in Sources */,
				19CC61E72B0AC6F30006CC74 /* CompatibilityView.swift in Sources */,
				0862DA222B12803E009113B8 /* MoonInfoView.swift in Sources */,
				19A5C75F2AEAF8780030D62E /* TabBar.swift in Sources */,
				19CC61E52B0AC6CB0006CC74 /* TarotView.swift in Sources */,
				198D8C842B09D585004A6BD6 /* User.swift in Sources */,
				198D8C812B09D3A3004A6BD6 /* AuthViewModel.swift in Sources */,
				0862DA302B196FC5009113B8 /* Starsign.swift in Sources */,
			);
			runOnlyForDeploymentPostprocessing = 0;
		};
		19A5C7382AEA20440030D62E /* Sources */ = {
			isa = PBXSourcesBuildPhase;
			buildActionMask = 2147483647;
			files = (
				19A5C7412AEA20450030D62E /* AstroBuddiesTests.swift in Sources */,
			);
			runOnlyForDeploymentPostprocessing = 0;
		};
		19A5C7422AEA20450030D62E /* Sources */ = {
			isa = PBXSourcesBuildPhase;
			buildActionMask = 2147483647;
			files = (
				19A5C74B2AEA20450030D62E /* AstroBuddiesUITests.swift in Sources */,
				19A5C74D2AEA20450030D62E /* AstroBuddiesUITestsLaunchTests.swift in Sources */,
			);
			runOnlyForDeploymentPostprocessing = 0;
		};
/* End PBXSourcesBuildPhase section */

/* Begin PBXTargetDependency section */
		19A5C73E2AEA20440030D62E /* PBXTargetDependency */ = {
			isa = PBXTargetDependency;
			target = 19A5C72B2AEA20330030D62E /* AstroBuddies */;
			targetProxy = 19A5C73D2AEA20440030D62E /* PBXContainerItemProxy */;
		};
		19A5C7482AEA20450030D62E /* PBXTargetDependency */ = {
			isa = PBXTargetDependency;
			target = 19A5C72B2AEA20330030D62E /* AstroBuddies */;
			targetProxy = 19A5C7472AEA20450030D62E /* PBXContainerItemProxy */;
		};
/* End PBXTargetDependency section */

/* Begin XCBuildConfiguration section */
		19A5C74E2AEA20450030D62E /* Debug */ = {
			isa = XCBuildConfiguration;
			buildSettings = {
				ALWAYS_SEARCH_USER_PATHS = NO;
				CLANG_ANALYZER_NONNULL = YES;
				CLANG_ANALYZER_NUMBER_OBJECT_CONVERSION = YES_AGGRESSIVE;
				CLANG_CXX_LANGUAGE_STANDARD = "gnu++17";
				CLANG_CXX_LIBRARY = "libc++";
				CLANG_ENABLE_MODULES = YES;
				CLANG_ENABLE_OBJC_ARC = YES;
				CLANG_ENABLE_OBJC_WEAK = YES;
				CLANG_WARN_BLOCK_CAPTURE_AUTORELEASING = YES;
				CLANG_WARN_BOOL_CONVERSION = YES;
				CLANG_WARN_COMMA = YES;
				CLANG_WARN_CONSTANT_CONVERSION = YES;
				CLANG_WARN_DEPRECATED_OBJC_IMPLEMENTATIONS = YES;
				CLANG_WARN_DIRECT_OBJC_ISA_USAGE = YES_ERROR;
				CLANG_WARN_DOCUMENTATION_COMMENTS = YES;
				CLANG_WARN_EMPTY_BODY = YES;
				CLANG_WARN_ENUM_CONVERSION = YES;
				CLANG_WARN_INFINITE_RECURSION = YES;
				CLANG_WARN_INT_CONVERSION = YES;
				CLANG_WARN_NON_LITERAL_NULL_CONVERSION = YES;
				CLANG_WARN_OBJC_IMPLICIT_RETAIN_SELF = YES;
				CLANG_WARN_OBJC_LITERAL_CONVERSION = YES;
				CLANG_WARN_OBJC_ROOT_CLASS = YES_ERROR;
				CLANG_WARN_QUOTED_INCLUDE_IN_FRAMEWORK_HEADER = YES;
				CLANG_WARN_RANGE_LOOP_ANALYSIS = YES;
				CLANG_WARN_STRICT_PROTOTYPES = YES;
				CLANG_WARN_SUSPICIOUS_MOVE = YES;
				CLANG_WARN_UNGUARDED_AVAILABILITY = YES_AGGRESSIVE;
				CLANG_WARN_UNREACHABLE_CODE = YES;
				CLANG_WARN__DUPLICATE_METHOD_MATCH = YES;
				COPY_PHASE_STRIP = NO;
				DEBUG_INFORMATION_FORMAT = dwarf;
				ENABLE_STRICT_OBJC_MSGSEND = YES;
				ENABLE_TESTABILITY = YES;
				GCC_C_LANGUAGE_STANDARD = gnu11;
				GCC_DYNAMIC_NO_PIC = NO;
				GCC_NO_COMMON_BLOCKS = YES;
				GCC_OPTIMIZATION_LEVEL = 0;
				GCC_PREPROCESSOR_DEFINITIONS = (
					"DEBUG=1",
					"$(inherited)",
				);
				GCC_WARN_64_TO_32_BIT_CONVERSION = YES;
				GCC_WARN_ABOUT_RETURN_TYPE = YES_ERROR;
				GCC_WARN_UNDECLARED_SELECTOR = YES;
				GCC_WARN_UNINITIALIZED_AUTOS = YES_AGGRESSIVE;
				GCC_WARN_UNUSED_FUNCTION = YES;
				GCC_WARN_UNUSED_VARIABLE = YES;
				IPHONEOS_DEPLOYMENT_TARGET = 17.0;
				MTL_ENABLE_DEBUG_INFO = INCLUDE_SOURCE;
				MTL_FAST_MATH = YES;
				ONLY_ACTIVE_ARCH = YES;
				SDKROOT = iphoneos;
				SWIFT_ACTIVE_COMPILATION_CONDITIONS = DEBUG;
				SWIFT_OPTIMIZATION_LEVEL = "-Onone";
			};
			name = Debug;
		};
		19A5C74F2AEA20450030D62E /* Release */ = {
			isa = XCBuildConfiguration;
			buildSettings = {
				ALWAYS_SEARCH_USER_PATHS = NO;
				CLANG_ANALYZER_NONNULL = YES;
				CLANG_ANALYZER_NUMBER_OBJECT_CONVERSION = YES_AGGRESSIVE;
				CLANG_CXX_LANGUAGE_STANDARD = "gnu++17";
				CLANG_CXX_LIBRARY = "libc++";
				CLANG_ENABLE_MODULES = YES;
				CLANG_ENABLE_OBJC_ARC = YES;
				CLANG_ENABLE_OBJC_WEAK = YES;
				CLANG_WARN_BLOCK_CAPTURE_AUTORELEASING = YES;
				CLANG_WARN_BOOL_CONVERSION = YES;
				CLANG_WARN_COMMA = YES;
				CLANG_WARN_CONSTANT_CONVERSION = YES;
				CLANG_WARN_DEPRECATED_OBJC_IMPLEMENTATIONS = YES;
				CLANG_WARN_DIRECT_OBJC_ISA_USAGE = YES_ERROR;
				CLANG_WARN_DOCUMENTATION_COMMENTS = YES;
				CLANG_WARN_EMPTY_BODY = YES;
				CLANG_WARN_ENUM_CONVERSION = YES;
				CLANG_WARN_INFINITE_RECURSION = YES;
				CLANG_WARN_INT_CONVERSION = YES;
				CLANG_WARN_NON_LITERAL_NULL_CONVERSION = YES;
				CLANG_WARN_OBJC_IMPLICIT_RETAIN_SELF = YES;
				CLANG_WARN_OBJC_LITERAL_CONVERSION = YES;
				CLANG_WARN_OBJC_ROOT_CLASS = YES_ERROR;
				CLANG_WARN_QUOTED_INCLUDE_IN_FRAMEWORK_HEADER = YES;
				CLANG_WARN_RANGE_LOOP_ANALYSIS = YES;
				CLANG_WARN_STRICT_PROTOTYPES = YES;
				CLANG_WARN_SUSPICIOUS_MOVE = YES;
				CLANG_WARN_UNGUARDED_AVAILABILITY = YES_AGGRESSIVE;
				CLANG_WARN_UNREACHABLE_CODE = YES;
				CLANG_WARN__DUPLICATE_METHOD_MATCH = YES;
				COPY_PHASE_STRIP = NO;
				DEBUG_INFORMATION_FORMAT = "dwarf-with-dsym";
				ENABLE_NS_ASSERTIONS = NO;
				ENABLE_STRICT_OBJC_MSGSEND = YES;
				GCC_C_LANGUAGE_STANDARD = gnu11;
				GCC_NO_COMMON_BLOCKS = YES;
				GCC_WARN_64_TO_32_BIT_CONVERSION = YES;
				GCC_WARN_ABOUT_RETURN_TYPE = YES_ERROR;
				GCC_WARN_UNDECLARED_SELECTOR = YES;
				GCC_WARN_UNINITIALIZED_AUTOS = YES_AGGRESSIVE;
				GCC_WARN_UNUSED_FUNCTION = YES;
				GCC_WARN_UNUSED_VARIABLE = YES;
				IPHONEOS_DEPLOYMENT_TARGET = 17.0;
				MTL_ENABLE_DEBUG_INFO = NO;
				MTL_FAST_MATH = YES;
				SDKROOT = iphoneos;
				SWIFT_COMPILATION_MODE = wholemodule;
				SWIFT_OPTIMIZATION_LEVEL = "-O";
				VALIDATE_PRODUCT = YES;
			};
			name = Release;
		};
		19A5C7512AEA20450030D62E /* Debug */ = {
			isa = XCBuildConfiguration;
			buildSettings = {
				ASSETCATALOG_COMPILER_APPICON_NAME = AppIcon;
				ASSETCATALOG_COMPILER_GLOBAL_ACCENT_COLOR_NAME = AccentColor;
				CODE_SIGN_STYLE = Automatic;
				CURRENT_PROJECT_VERSION = 1;
				DEVELOPMENT_ASSET_PATHS = "\"AstroBuddies/Preview Content\"";
				DEVELOPMENT_TEAM = C4WN8RJ4R8;
				ENABLE_PREVIEWS = YES;
				GENERATE_INFOPLIST_FILE = YES;
				INFOPLIST_KEY_UIApplicationSceneManifest_Generation = YES;
				INFOPLIST_KEY_UIApplicationSupportsIndirectInputEvents = YES;
				INFOPLIST_KEY_UILaunchScreen_Generation = YES;
				INFOPLIST_KEY_UISupportedInterfaceOrientations_iPad = "UIInterfaceOrientationPortrait UIInterfaceOrientationPortraitUpsideDown UIInterfaceOrientationLandscapeLeft UIInterfaceOrientationLandscapeRight";
				INFOPLIST_KEY_UISupportedInterfaceOrientations_iPhone = "UIInterfaceOrientationPortrait UIInterfaceOrientationLandscapeLeft UIInterfaceOrientationLandscapeRight";
				IPHONEOS_DEPLOYMENT_TARGET = 17.0;
				LD_RUNPATH_SEARCH_PATHS = (
					"$(inherited)",
					"@executable_path/Frameworks",
				);
				MARKETING_VERSION = 1.0;
				PRODUCT_BUNDLE_IDENTIFIER = atakux.AstroBuddies;
				PRODUCT_NAME = "$(TARGET_NAME)";
				SWIFT_EMIT_LOC_STRINGS = YES;
				SWIFT_VERSION = 5.0;
				TARGETED_DEVICE_FAMILY = "1,2";
			};
			name = Debug;
		};
		19A5C7522AEA20450030D62E /* Release */ = {
			isa = XCBuildConfiguration;
			buildSettings = {
				ASSETCATALOG_COMPILER_APPICON_NAME = AppIcon;
				ASSETCATALOG_COMPILER_GLOBAL_ACCENT_COLOR_NAME = AccentColor;
				CODE_SIGN_STYLE = Automatic;
				CURRENT_PROJECT_VERSION = 1;
				DEVELOPMENT_ASSET_PATHS = "\"AstroBuddies/Preview Content\"";
				DEVELOPMENT_TEAM = C4WN8RJ4R8;
				ENABLE_PREVIEWS = YES;
				GENERATE_INFOPLIST_FILE = YES;
				INFOPLIST_KEY_UIApplicationSceneManifest_Generation = YES;
				INFOPLIST_KEY_UIApplicationSupportsIndirectInputEvents = YES;
				INFOPLIST_KEY_UILaunchScreen_Generation = YES;
				INFOPLIST_KEY_UISupportedInterfaceOrientations_iPad = "UIInterfaceOrientationPortrait UIInterfaceOrientationPortraitUpsideDown UIInterfaceOrientationLandscapeLeft UIInterfaceOrientationLandscapeRight";
				INFOPLIST_KEY_UISupportedInterfaceOrientations_iPhone = "UIInterfaceOrientationPortrait UIInterfaceOrientationLandscapeLeft UIInterfaceOrientationLandscapeRight";
				IPHONEOS_DEPLOYMENT_TARGET = 17.0;
				LD_RUNPATH_SEARCH_PATHS = (
					"$(inherited)",
					"@executable_path/Frameworks",
				);
				MARKETING_VERSION = 1.0;
				PRODUCT_BUNDLE_IDENTIFIER = atakux.AstroBuddies;
				PRODUCT_NAME = "$(TARGET_NAME)";
				SWIFT_EMIT_LOC_STRINGS = YES;
				SWIFT_VERSION = 5.0;
				TARGETED_DEVICE_FAMILY = "1,2";
			};
			name = Release;
		};
		19A5C7542AEA20450030D62E /* Debug */ = {
			isa = XCBuildConfiguration;
			buildSettings = {
				ALWAYS_EMBED_SWIFT_STANDARD_LIBRARIES = YES;
				BUNDLE_LOADER = "$(TEST_HOST)";
				CODE_SIGN_STYLE = Automatic;
				CURRENT_PROJECT_VERSION = 1;
				DEVELOPMENT_TEAM = C4WN8RJ4R8;
				GENERATE_INFOPLIST_FILE = YES;
				IPHONEOS_DEPLOYMENT_TARGET = 17.0;
				MARKETING_VERSION = 1.0;
				PRODUCT_BUNDLE_IDENTIFIER = atakux.AstroBuddiesTests;
				PRODUCT_NAME = "$(TARGET_NAME)";
				SWIFT_EMIT_LOC_STRINGS = NO;
				SWIFT_VERSION = 5.0;
				TARGETED_DEVICE_FAMILY = "1,2";
				TEST_HOST = "$(BUILT_PRODUCTS_DIR)/AstroBuddies.app/AstroBuddies";
			};
			name = Debug;
		};
		19A5C7552AEA20450030D62E /* Release */ = {
			isa = XCBuildConfiguration;
			buildSettings = {
				ALWAYS_EMBED_SWIFT_STANDARD_LIBRARIES = YES;
				BUNDLE_LOADER = "$(TEST_HOST)";
				CODE_SIGN_STYLE = Automatic;
				CURRENT_PROJECT_VERSION = 1;
				DEVELOPMENT_TEAM = C4WN8RJ4R8;
				GENERATE_INFOPLIST_FILE = YES;
				IPHONEOS_DEPLOYMENT_TARGET = 17.0;
				MARKETING_VERSION = 1.0;
				PRODUCT_BUNDLE_IDENTIFIER = atakux.AstroBuddiesTests;
				PRODUCT_NAME = "$(TARGET_NAME)";
				SWIFT_EMIT_LOC_STRINGS = NO;
				SWIFT_VERSION = 5.0;
				TARGETED_DEVICE_FAMILY = "1,2";
				TEST_HOST = "$(BUILT_PRODUCTS_DIR)/AstroBuddies.app/AstroBuddies";
			};
			name = Release;
		};
		19A5C7572AEA20450030D62E /* Debug */ = {
			isa = XCBuildConfiguration;
			buildSettings = {
				ALWAYS_EMBED_SWIFT_STANDARD_LIBRARIES = YES;
				CODE_SIGN_STYLE = Automatic;
				CURRENT_PROJECT_VERSION = 1;
				DEVELOPMENT_TEAM = C4WN8RJ4R8;
				GENERATE_INFOPLIST_FILE = YES;
				MARKETING_VERSION = 1.0;
				PRODUCT_BUNDLE_IDENTIFIER = atakux.AstroBuddiesUITests;
				PRODUCT_NAME = "$(TARGET_NAME)";
				SWIFT_EMIT_LOC_STRINGS = NO;
				SWIFT_VERSION = 5.0;
				TARGETED_DEVICE_FAMILY = "1,2";
				TEST_TARGET_NAME = AstroBuddies;
			};
			name = Debug;
		};
		19A5C7582AEA20450030D62E /* Release */ = {
			isa = XCBuildConfiguration;
			buildSettings = {
				ALWAYS_EMBED_SWIFT_STANDARD_LIBRARIES = YES;
				CODE_SIGN_STYLE = Automatic;
				CURRENT_PROJECT_VERSION = 1;
				DEVELOPMENT_TEAM = C4WN8RJ4R8;
				GENERATE_INFOPLIST_FILE = YES;
				MARKETING_VERSION = 1.0;
				PRODUCT_BUNDLE_IDENTIFIER = atakux.AstroBuddiesUITests;
				PRODUCT_NAME = "$(TARGET_NAME)";
				SWIFT_EMIT_LOC_STRINGS = NO;
				SWIFT_VERSION = 5.0;
				TARGETED_DEVICE_FAMILY = "1,2";
				TEST_TARGET_NAME = AstroBuddies;
			};
			name = Release;
		};
/* End XCBuildConfiguration section */

/* Begin XCConfigurationList section */
		19A5C7272AEA20330030D62E /* Build configuration list for PBXProject "AstroBuddies" */ = {
			isa = XCConfigurationList;
			buildConfigurations = (
				19A5C74E2AEA20450030D62E /* Debug */,
				19A5C74F2AEA20450030D62E /* Release */,
			);
			defaultConfigurationIsVisible = 0;
			defaultConfigurationName = Release;
		};
		19A5C7502AEA20450030D62E /* Build configuration list for PBXNativeTarget "AstroBuddies" */ = {
			isa = XCConfigurationList;
			buildConfigurations = (
				19A5C7512AEA20450030D62E /* Debug */,
				19A5C7522AEA20450030D62E /* Release */,
			);
			defaultConfigurationIsVisible = 0;
			defaultConfigurationName = Release;
		};
		19A5C7532AEA20450030D62E /* Build configuration list for PBXNativeTarget "AstroBuddiesTests" */ = {
			isa = XCConfigurationList;
			buildConfigurations = (
				19A5C7542AEA20450030D62E /* Debug */,
				19A5C7552AEA20450030D62E /* Release */,
			);
			defaultConfigurationIsVisible = 0;
			defaultConfigurationName = Release;
		};
		19A5C7562AEA20450030D62E /* Build configuration list for PBXNativeTarget "AstroBuddiesUITests" */ = {
			isa = XCConfigurationList;
			buildConfigurations = (
				19A5C7572AEA20450030D62E /* Debug */,
				19A5C7582AEA20450030D62E /* Release */,
			);
			defaultConfigurationIsVisible = 0;
			defaultConfigurationName = Release;
		};
/* End XCConfigurationList section */

/* Begin XCRemoteSwiftPackageReference section */
		0862DA292B180DA3009113B8 /* XCRemoteSwiftPackageReference "Alamofire" */ = {
			isa = XCRemoteSwiftPackageReference;
			repositoryURL = "https://github.com/Alamofire/Alamofire.git";
			requirement = {
				kind = upToNextMajorVersion;
				minimumVersion = 5.8.1;
			};
		};
		0862DA392B19D018009113B8 /* XCRemoteSwiftPackageReference "SwiftSoup" */ = {
			isa = XCRemoteSwiftPackageReference;
			repositoryURL = "https://github.com/scinfu/SwiftSoup.git";
			requirement = {
				kind = upToNextMajorVersion;
				minimumVersion = 2.6.1;
			};
		};
		198D8C3F2B09D06E004A6BD6 /* XCRemoteSwiftPackageReference "firebase-ios-sdk" */ = {
			isa = XCRemoteSwiftPackageReference;
			repositoryURL = "https://github.com/firebase/firebase-ios-sdk";
			requirement = {
				kind = versionRange;
				maximumVersion = 11.0.0;
				minimumVersion = 10.0.0;
			};
		};
/* End XCRemoteSwiftPackageReference section */

/* Begin XCSwiftPackageProductDependency section */
		0862DA2A2B180DA3009113B8 /* Alamofire */ = {
			isa = XCSwiftPackageProductDependency;
			package = 0862DA292B180DA3009113B8 /* XCRemoteSwiftPackageReference "Alamofire" */;
			productName = Alamofire;
		};
		0862DA3A2B19D018009113B8 /* SwiftSoup */ = {
			isa = XCSwiftPackageProductDependency;
			package = 0862DA392B19D018009113B8 /* XCRemoteSwiftPackageReference "SwiftSoup" */;
			productName = SwiftSoup;
		};
		198D8C402B09D06F004A6BD6 /* FirebaseAnalytics */ = {
			isa = XCSwiftPackageProductDependency;
			package = 198D8C3F2B09D06E004A6BD6 /* XCRemoteSwiftPackageReference "firebase-ios-sdk" */;
			productName = FirebaseAnalytics;
		};
		198D8C422B09D06F004A6BD6 /* FirebaseAnalyticsOnDeviceConversion */ = {
			isa = XCSwiftPackageProductDependency;
			package = 198D8C3F2B09D06E004A6BD6 /* XCRemoteSwiftPackageReference "firebase-ios-sdk" */;
			productName = FirebaseAnalyticsOnDeviceConversion;
		};
		198D8C442B09D06F004A6BD6 /* FirebaseAnalyticsSwift */ = {
			isa = XCSwiftPackageProductDependency;
			package = 198D8C3F2B09D06E004A6BD6 /* XCRemoteSwiftPackageReference "firebase-ios-sdk" */;
			productName = FirebaseAnalyticsSwift;
		};
		198D8C462B09D06F004A6BD6 /* FirebaseAnalyticsWithoutAdIdSupport */ = {
			isa = XCSwiftPackageProductDependency;
			package = 198D8C3F2B09D06E004A6BD6 /* XCRemoteSwiftPackageReference "firebase-ios-sdk" */;
			productName = FirebaseAnalyticsWithoutAdIdSupport;
		};
		198D8C482B09D06F004A6BD6 /* FirebaseAppCheck */ = {
			isa = XCSwiftPackageProductDependency;
			package = 198D8C3F2B09D06E004A6BD6 /* XCRemoteSwiftPackageReference "firebase-ios-sdk" */;
			productName = FirebaseAppCheck;
		};
		198D8C4A2B09D06F004A6BD6 /* FirebaseAppDistribution-Beta */ = {
			isa = XCSwiftPackageProductDependency;
			package = 198D8C3F2B09D06E004A6BD6 /* XCRemoteSwiftPackageReference "firebase-ios-sdk" */;
			productName = "FirebaseAppDistribution-Beta";
		};
		198D8C4C2B09D06F004A6BD6 /* FirebaseAuth */ = {
			isa = XCSwiftPackageProductDependency;
			package = 198D8C3F2B09D06E004A6BD6 /* XCRemoteSwiftPackageReference "firebase-ios-sdk" */;
			productName = FirebaseAuth;
		};
		198D8C4E2B09D06F004A6BD6 /* FirebaseAuthCombine-Community */ = {
			isa = XCSwiftPackageProductDependency;
			package = 198D8C3F2B09D06E004A6BD6 /* XCRemoteSwiftPackageReference "firebase-ios-sdk" */;
			productName = "FirebaseAuthCombine-Community";
		};
		198D8C502B09D06F004A6BD6 /* FirebaseCrashlytics */ = {
			isa = XCSwiftPackageProductDependency;
			package = 198D8C3F2B09D06E004A6BD6 /* XCRemoteSwiftPackageReference "firebase-ios-sdk" */;
			productName = FirebaseCrashlytics;
		};
		198D8C522B09D06F004A6BD6 /* FirebaseDatabase */ = {
			isa = XCSwiftPackageProductDependency;
			package = 198D8C3F2B09D06E004A6BD6 /* XCRemoteSwiftPackageReference "firebase-ios-sdk" */;
			productName = FirebaseDatabase;
		};
		198D8C542B09D06F004A6BD6 /* FirebaseDatabaseSwift */ = {
			isa = XCSwiftPackageProductDependency;
			package = 198D8C3F2B09D06E004A6BD6 /* XCRemoteSwiftPackageReference "firebase-ios-sdk" */;
			productName = FirebaseDatabaseSwift;
		};
		198D8C562B09D06F004A6BD6 /* FirebaseDynamicLinks */ = {
			isa = XCSwiftPackageProductDependency;
			package = 198D8C3F2B09D06E004A6BD6 /* XCRemoteSwiftPackageReference "firebase-ios-sdk" */;
			productName = FirebaseDynamicLinks;
		};
		198D8C582B09D06F004A6BD6 /* FirebaseFirestore */ = {
			isa = XCSwiftPackageProductDependency;
			package = 198D8C3F2B09D06E004A6BD6 /* XCRemoteSwiftPackageReference "firebase-ios-sdk" */;
			productName = FirebaseFirestore;
		};
		198D8C5A2B09D06F004A6BD6 /* FirebaseFirestoreCombine-Community */ = {
			isa = XCSwiftPackageProductDependency;
			package = 198D8C3F2B09D06E004A6BD6 /* XCRemoteSwiftPackageReference "firebase-ios-sdk" */;
			productName = "FirebaseFirestoreCombine-Community";
		};
		198D8C5C2B09D06F004A6BD6 /* FirebaseFirestoreSwift */ = {
			isa = XCSwiftPackageProductDependency;
			package = 198D8C3F2B09D06E004A6BD6 /* XCRemoteSwiftPackageReference "firebase-ios-sdk" */;
			productName = FirebaseFirestoreSwift;
		};
		198D8C5E2B09D06F004A6BD6 /* FirebaseFunctions */ = {
			isa = XCSwiftPackageProductDependency;
			package = 198D8C3F2B09D06E004A6BD6 /* XCRemoteSwiftPackageReference "firebase-ios-sdk" */;
			productName = FirebaseFunctions;
		};
		198D8C602B09D06F004A6BD6 /* FirebaseFunctionsCombine-Community */ = {
			isa = XCSwiftPackageProductDependency;
			package = 198D8C3F2B09D06E004A6BD6 /* XCRemoteSwiftPackageReference "firebase-ios-sdk" */;
			productName = "FirebaseFunctionsCombine-Community";
		};
		198D8C622B09D06F004A6BD6 /* FirebaseInAppMessaging-Beta */ = {
			isa = XCSwiftPackageProductDependency;
			package = 198D8C3F2B09D06E004A6BD6 /* XCRemoteSwiftPackageReference "firebase-ios-sdk" */;
			productName = "FirebaseInAppMessaging-Beta";
		};
		198D8C642B09D06F004A6BD6 /* FirebaseInAppMessagingSwift-Beta */ = {
			isa = XCSwiftPackageProductDependency;
			package = 198D8C3F2B09D06E004A6BD6 /* XCRemoteSwiftPackageReference "firebase-ios-sdk" */;
			productName = "FirebaseInAppMessagingSwift-Beta";
		};
		198D8C662B09D06F004A6BD6 /* FirebaseInstallations */ = {
			isa = XCSwiftPackageProductDependency;
			package = 198D8C3F2B09D06E004A6BD6 /* XCRemoteSwiftPackageReference "firebase-ios-sdk" */;
			productName = FirebaseInstallations;
		};
		198D8C682B09D06F004A6BD6 /* FirebaseMLModelDownloader */ = {
			isa = XCSwiftPackageProductDependency;
			package = 198D8C3F2B09D06E004A6BD6 /* XCRemoteSwiftPackageReference "firebase-ios-sdk" */;
			productName = FirebaseMLModelDownloader;
		};
		198D8C6A2B09D06F004A6BD6 /* FirebaseMessaging */ = {
			isa = XCSwiftPackageProductDependency;
			package = 198D8C3F2B09D06E004A6BD6 /* XCRemoteSwiftPackageReference "firebase-ios-sdk" */;
			productName = FirebaseMessaging;
		};
		198D8C6C2B09D06F004A6BD6 /* FirebasePerformance */ = {
			isa = XCSwiftPackageProductDependency;
			package = 198D8C3F2B09D06E004A6BD6 /* XCRemoteSwiftPackageReference "firebase-ios-sdk" */;
			productName = FirebasePerformance;
		};
		198D8C6E2B09D06F004A6BD6 /* FirebaseRemoteConfig */ = {
			isa = XCSwiftPackageProductDependency;
			package = 198D8C3F2B09D06E004A6BD6 /* XCRemoteSwiftPackageReference "firebase-ios-sdk" */;
			productName = FirebaseRemoteConfig;
		};
		198D8C702B09D06F004A6BD6 /* FirebaseRemoteConfigSwift */ = {
			isa = XCSwiftPackageProductDependency;
			package = 198D8C3F2B09D06E004A6BD6 /* XCRemoteSwiftPackageReference "firebase-ios-sdk" */;
			productName = FirebaseRemoteConfigSwift;
		};
		198D8C722B09D06F004A6BD6 /* FirebaseStorage */ = {
			isa = XCSwiftPackageProductDependency;
			package = 198D8C3F2B09D06E004A6BD6 /* XCRemoteSwiftPackageReference "firebase-ios-sdk" */;
			productName = FirebaseStorage;
		};
		198D8C742B09D06F004A6BD6 /* FirebaseStorageCombine-Community */ = {
			isa = XCSwiftPackageProductDependency;
			package = 198D8C3F2B09D06E004A6BD6 /* XCRemoteSwiftPackageReference "firebase-ios-sdk" */;
			productName = "FirebaseStorageCombine-Community";
		};
/* End XCSwiftPackageProductDependency section */
	};
	rootObject = 19A5C7242AEA20330030D62E /* Project object */;
}
